{
    "name": "ts_clientscript",
    "version": "1.0.0",
    "lockfileVersion": 2,
    "requires": true,
    "packages": {
        "": {
            "name": "ts_clientscript",
            "version": "1.0.0",
            "devDependencies": {
                "@hitc/netsuite-types": "^2024.2.7",
                "typescript": "^5.6.3"
            }
        },
        "node_modules/@hitc/netsuite-types": {
            "version": "2024.2.7",
            "resolved": "https://registry.npmjs.org/@hitc/netsuite-types/-/netsuite-types-2024.2.7.tgz",
            "integrity": "sha512-SDhnjS/hdZjwLZQlUg9hm9xR6mbqr17EEpFklma/8gFDp5Wz6fhFVogwiLHBP7AKbGuJt5XQbfCVfcmwoIyDkg==",
            "dev": true
        },
        "node_modules/typescript": {
            "version": "5.6.3",
            "resolved": "https://registry.npmjs.org/typescript/-/typescript-5.6.3.tgz",
            "integrity": "sha512-hjcS1mhfuyi4WW8IWtjP7brDrG2cuDZukyrYrSauoXGNgx0S7zceP07adYkJycEr56BOUTNPzbInooiN3fn1qw==",
            "dev": true,
            "bin": {
                "tsc": "bin/tsc",
                "tsserver": "bin/tsserver"
            },
            "engines": {
                "node": ">=14.17"
            }
        }
    },
    "dependencies": {
        "@hitc/netsuite-types": {
            "version": "2024.2.7",
            "resolved": "https://registry.npmjs.org/@hitc/netsuite-types/-/netsuite-types-2024.2.7.tgz",
            "integrity": "sha512-SDhnjS/hdZjwLZQlUg9hm9xR6mbqr17EEpFklma/8gFDp5Wz6fhFVogwiLHBP7AKbGuJt5XQbfCVfcmwoIyDkg==",
            "dev": true
        },
        "typescript": {
            "version": "5.6.3",
            "resolved": "https://registry.npmjs.org/typescript/-/typescript-5.6.3.tgz",
            "integrity": "sha512-hjcS1mhfuyi4WW8IWtjP7brDrG2cuDZukyrYrSauoXGNgx0S7zceP07adYkJycEr56BOUTNPzbInooiN3fn1qw==",
            "dev": true
        }
    }
}
